
Microsoft Visual Studio Solution File, Format Version 12.00
# Visual Studio 15
VisualStudioVersion = 15.0.28010.2036
MinimumVisualStudioVersion = 10.0.40219.1
Project("{FAE04EC0-301F-11D3-BF4B-00C04F79EFBC}") = "ScriptImporter", "ScriptImporter\ScriptImporter.csproj", "{2AE6061D-3E02-4C68-BC62-5D1E1D02D131}"
EndProject
Global
	GlobalSection(SolutionConfigurationPlatforms) = preSolution
		Debug|Any CPU = Debug|Any CPU
		Release|Any CPU = Release|Any CPU
	EndGlobalSection
	GlobalSection(ProjectConfigurationPlatforms) = postSolution
		{2AE6061D-3E02-4C68-BC62-5D1E1D02D131}.Debug|Any CPU.ActiveCfg = Debug|Any CPU
		{2AE6061D-3E02-4C68-BC62-5D1E1D02D131}.Debug|Any CPU.Build.0 = Debug|Any CPU
		{2AE6061D-3E02-4C68-BC62-5D1E1D02D131}.Release|Any CPU.ActiveCfg = Release|Any CPU
		{2AE6061D-3E02-4C68-BC62-5D1E1D02D131}.Release|Any CPU.Build.0 = Release|Any CPU
	EndGlobalSection
	GlobalSection(SolutionProperties) = preSolution
		HideSolutionNode = FALSE
	EndGlobalSection
	GlobalSection(ExtensibilityGlobals) = postSolution
		SolutionGuid = {29BFDEBB-3419-4FCD-B270-CC7B9A00D5A9}
	EndGlobalSection
EndGlobal
